
Microsoft Visual Studio Solution File, Format Version 12.00
# Visual Studio Version 17
VisualStudioVersion = 17.4.33213.308
MinimumVisualStudioVersion = 10.0.40219.1
Project("{FAE04EC0-301F-11D3-BF4B-00C04F79EFBC}") = "UserGenderValidation", "UserGenderValidation\UserGenderValidation.csproj", "{07F8FF18-90BD-4269-B7AC-2E7444EC4072}"
EndProject
Project("{FAE04EC0-301F-11D3-BF4B-00C04F79EFBC}") = "Week2", "Week2\Week2.csproj", "{1B68B195-7497-450B-8993-2A71915B9CE9}"
EndProject
Project("{FAE04EC0-301F-11D3-BF4B-00C04F79EFBC}") = "UserAgeValidation", "UserAgeValidation\UserAgeValidation.csproj", "{BAAD3054-DE05-49C2-AAB6-429AD80F6924}"
EndProject
Global
	GlobalSection(SolutionConfigurationPlatforms) = preSolution
		Debug|Any CPU = Debug|Any CPU
		Release|Any CPU = Release|Any CPU
	EndGlobalSection
	GlobalSection(ProjectConfigurationPlatforms) = postSolution
		{07F8FF18-90BD-4269-B7AC-2E7444EC4072}.Debug|Any CPU.ActiveCfg = Debug|Any CPU
		{07F8FF18-90BD-4269-B7AC-2E7444EC4072}.Debug|Any CPU.Build.0 = Debug|Any CPU
		{07F8FF18-90BD-4269-B7AC-2E7444EC4072}.Release|Any CPU.ActiveCfg = Release|Any CPU
		{07F8FF18-90BD-4269-B7AC-2E7444EC4072}.Release|Any CPU.Build.0 = Release|Any CPU
		{1B68B195-7497-450B-8993-2A71915B9CE9}.Debug|Any CPU.ActiveCfg = Debug|Any CPU
		{1B68B195-7497-450B-8993-2A71915B9CE9}.Debug|Any CPU.Build.0 = Debug|Any CPU
		{1B68B195-7497-450B-8993-2A71915B9CE9}.Release|Any CPU.ActiveCfg = Release|Any CPU
		{1B68B195-7497-450B-8993-2A71915B9CE9}.Release|Any CPU.Build.0 = Release|Any CPU
		{BAAD3054-DE05-49C2-AAB6-429AD80F6924}.Debug|Any CPU.ActiveCfg = Debug|Any CPU
		{BAAD3054-DE05-49C2-AAB6-429AD80F6924}.Debug|Any CPU.Build.0 = Debug|Any CPU
		{BAAD3054-DE05-49C2-AAB6-429AD80F6924}.Release|Any CPU.ActiveCfg = Release|Any CPU
		{BAAD3054-DE05-49C2-AAB6-429AD80F6924}.Release|Any CPU.Build.0 = Release|Any CPU
	EndGlobalSection
	GlobalSection(SolutionProperties) = preSolution
		HideSolutionNode = FALSE
	EndGlobalSection
	GlobalSection(ExtensibilityGlobals) = postSolution
		SolutionGuid = {5AC99124-D827-404E-A99D-DD2C3118245A}
	EndGlobalSection
EndGlobal
